generated_at = "2026-09-13 01:27:20"
generated_by = "kennel"
version = 1

[[package]]
checksum = ""
install_path = "kennel_packages/ability"
kind = "github"
name = "ability"
path = ""
repository = "https://github.com/kujolang/ability.git"
requested = "4aa354da8d02b027c459f692f69b523f96e97056"
requested_kind = "commit"
resolved_commit = "4aa354da8d02b027c459f692f69b523f96e97056"
resolved_ref = "4aa354da8d02b027c459f692f69b523f96e97056"
signature = ""
signing_key = ""
source = "github:kujolang/ability"
version = "1.0.1"

[[package]]
checksum = ""
install_path = "kennel_packages/mcp"
kind = "github"
name = "mcp"
path = ""
repository = "https://github.com/kujolang/mcp.git"
requested = "07845898ee9f2662d0e0e364973d77cdaac04762"
requested_kind = "commit"
resolved_commit = "07845898ee9f2662d0e0e364973d77cdaac04762"
resolved_ref = "07845898ee9f2662d0e0e364973d77cdaac04762"
signature = ""
signing_key = ""
source = "github:kujolang/mcp"
version = "1.1.1"
