generated_at = "2026-09-13 01:16:42"
generated_by = "kennel"
version = 1

[[package]]
checksum = ""
install_path = "kennel_packages/ai-sdk"
kind = "github"
name = "ai-sdk"
path = ""
repository = "https://github.com/kujolang/ai-sdk.git"
requested = "849dbbbba7a734938320dd9569d1ed7aa6240298"
requested_kind = "commit"
resolved_commit = "849dbbbba7a734938320dd9569d1ed7aa6240298"
resolved_ref = "849dbbbba7a734938320dd9569d1ed7aa6240298"
signature = ""
signing_key = ""
source = "github:kujolang/ai-sdk"
version = "1.0.0"

[[package]]
checksum = ""
install_path = "kennel_packages/dispatch"
kind = "github"
name = "dispatch"
path = ""
repository = "https://github.com/kujolang/dispatch.git"
requested = "9eb16c72316744d8a691d9ef5ec5be4f12018408"
requested_kind = "commit"
resolved_commit = "9eb16c72316744d8a691d9ef5ec5be4f12018408"
resolved_ref = "9eb16c72316744d8a691d9ef5ec5be4f12018408"
signature = ""
signing_key = ""
source = "github:kujolang/dispatch"
version = "1.2.0"
