generated_at = "2026-09-12 21:54:42"
generated_by = "kennel"
version = 1

[[package]]
checksum = ""
install_path = "kennel_packages/ability"
kind = "github"
name = "ability"
path = ""
repository = "https://github.com/kujolang/ability.git"
requested = "fe6775d27b1742196e16f6c46f73c6cec906fe73"
requested_kind = "commit"
resolved_commit = "fe6775d27b1742196e16f6c46f73c6cec906fe73"
resolved_ref = "fe6775d27b1742196e16f6c46f73c6cec906fe73"
signature = ""
signing_key = ""
source = "github:kujolang/ability"
version = "1.1.0"
