generated_at = "2026-09-13 00:44:48"
generated_by = "kennel"
version = 1

[[package]]
checksum = ""
install_path = "kennel_packages/ability"
kind = "github"
name = "ability"
path = ""
repository = "https://github.com/kujolang/ability.git"
requested = "4aa354da8d02b027c459f692f69b523f96e97056"
requested_kind = "commit"
resolved_commit = "4aa354da8d02b027c459f692f69b523f96e97056"
resolved_ref = "4aa354da8d02b027c459f692f69b523f96e97056"
signature = ""
signing_key = ""
source = "github:kujolang/ability"
version = "1.0.1"

[[package]]
checksum = ""
install_path = "kennel_packages/agents_sdk"
kind = "github"
name = "agents_sdk"
path = ""
repository = "https://github.com/kujolang/agents-sdk.git"
requested = "bb2202d8b54f44717b1b1f0157a6774f2027cea1"
requested_kind = "commit"
resolved_commit = "bb2202d8b54f44717b1b1f0157a6774f2027cea1"
resolved_ref = "bb2202d8b54f44717b1b1f0157a6774f2027cea1"
signature = ""
signing_key = ""
source = "github:kujolang/agents-sdk"
version = "1.0.0"
